PODS:
  - at_file_saver (0.0.1):
    - FlutterMacOS
  - biometric_storage (0.0.1):
    - FlutterMacOS
  - desktop_window (0.0.1):
    - FlutterMacOS
  - device_info_plus (0.0.1):
    - FlutterMacOS
  - emoji_picker_flutter (0.0.1):
    - FlutterMacOS
  - file_selector_macos (0.0.1):
    - FlutterMacOS
  - flutter_local_notifications (0.0.1):
    - FlutterMacOS
  - FlutterMacOS (1.0.0)
  - local_notifier (0.1.0):
    - FlutterMacOS
  - package_info_plus (0.0.1):
    - FlutterMacOS
  - path_provider_macos (0.0.1):
    - FlutterMacOS
  - share_plus_macos (0.0.1):
    - FlutterMacOS
  - shared_preferences_macos (0.0.1):
    - FlutterMacOS
  - url_launcher_macos (0.0.1):
    - FlutterMacOS
  - video_compress (0.3.0):
    - FlutterMacOS

DEPENDENCIES:
  - at_file_saver (from `Flutter/ephemeral/.symlinks/plugins/at_file_saver/macos`)
  - biometric_storage (from `Flutter/ephemeral/.symlinks/plugins/biometric_storage/macos`)
  - desktop_window (from `Flutter/ephemeral/.symlinks/plugins/desktop_window/macos`)
  - device_info_plus (from `Flutter/ephemeral/.symlinks/plugins/device_info_plus/macos`)
  - emoji_picker_flutter (from `Flutter/ephemeral/.symlinks/plugins/emoji_picker_flutter/macos`)
  - file_selector_macos (from `Flutter/ephemeral/.symlinks/plugins/file_selector_macos/macos`)
  - flutter_local_notifications (from `Flutter/ephemeral/.symlinks/plugins/flutter_local_notifications/macos`)
  - FlutterMacOS (from `Flutter/ephemeral`)
  - local_notifier (from `Flutter/ephemeral/.symlinks/plugins/local_notifier/macos`)
  - package_info_plus (from `Flutter/ephemeral/.symlinks/plugins/package_info_plus/macos`)
  - path_provider_macos (from `Flutter/ephemeral/.symlinks/plugins/path_provider_macos/macos`)
  - share_plus_macos (from `Flutter/ephemeral/.symlinks/plugins/share_plus_macos/macos`)
  - shared_preferences_macos (from `Flutter/ephemeral/.symlinks/plugins/shared_preferences_macos/macos`)
  - url_launcher_macos (from `Flutter/ephemeral/.symlinks/plugins/url_launcher_macos/macos`)
  - video_compress (from `Flutter/ephemeral/.symlinks/plugins/video_compress/macos`)

EXTERNAL SOURCES:
  at_file_saver:
    :path: Flutter/ephemeral/.symlinks/plugins/at_file_saver/macos
  biometric_storage:
    :path: Flutter/ephemeral/.symlinks/plugins/biometric_storage/macos
  desktop_window:
    :path: Flutter/ephemeral/.symlinks/plugins/desktop_window/macos
  device_info_plus:
    :path: Flutter/ephemeral/.symlinks/plugins/device_info_plus/macos
  emoji_picker_flutter:
    :path: Flutter/ephemeral/.symlinks/plugins/emoji_picker_flutter/macos
  file_selector_macos:
    :path: Flutter/ephemeral/.symlinks/plugins/file_selector_macos/macos
  flutter_local_notifications:
    :path: Flutter/ephemeral/.symlinks/plugins/flutter_local_notifications/macos
  FlutterMacOS:
    :path: Flutter/ephemeral
  local_notifier:
    :path: Flutter/ephemeral/.symlinks/plugins/local_notifier/macos
  package_info_plus:
    :path: Flutter/ephemeral/.symlinks/plugins/package_info_plus/macos
  path_provider_macos:
    :path: Flutter/ephemeral/.symlinks/plugins/path_provider_macos/macos
  share_plus_macos:
    :path: Flutter/ephemeral/.symlinks/plugins/share_plus_macos/macos
  shared_preferences_macos:
    :path: Flutter/ephemeral/.symlinks/plugins/shared_preferences_macos/macos
  url_launcher_macos:
    :path: Flutter/ephemeral/.symlinks/plugins/url_launcher_macos/macos
  video_compress:
    :path: Flutter/ephemeral/.symlinks/plugins/video_compress/macos

SPEC CHECKSUMS:
  at_file_saver: 598610e2f4579e4193faa1187fd4f87ffbfc3a0f
  biometric_storage: 9de0cb4e591e52329ca0da7df42e964db6c526cf
  desktop_window: de6acd6053564bdccd9f4b9473d25bf4f2ad9bdf
  device_info_plus: b0fafc687fb901e2af612763340f1b0d4352f8e5
  emoji_picker_flutter: b9d4f4d08bdf3168fa3827f1290d435083745a14
  file_selector_macos: ff34a82a18d211c6b3f2cf1cde944a81215f0964
  flutter_local_notifications: 453432cd6399a07d072885bc7828fb2307868856
  FlutterMacOS: 8f6f14fa908a6fb3fba0cd85dbd81ec4b251fb24
  local_notifier: ebf072651e35ae5e47280ad52e2707375cb2ae4e
  package_info_plus: 122abb51244f66eead59ce7c9c200d6b53111779
  path_provider_macos: 82d15581c31241db7014019d6dc07fa7204c261d
  share_plus_macos: bad864466cc8d3edc440a2dec8befc781bf002e4
  shared_preferences_macos: 3e17ed9d0158c398abef2b9dcdadd7da18b41707
  url_launcher_macos: 6349d2dd3f37b716ba25744e549144d6e0194edd
  video_compress: 752b161da855df2492dd1a8fa899743cc8fe9534

PODFILE CHECKSUM: 353c8bcc5d5b0994e508d035b5431cfe18c1dea7

COCOAPODS: 1.16.2
